
Microsoft Visual Studio Solution File, Format Version 12.00
# Visual Studio Version 16
VisualStudioVersion = 16.0.29102.190
MinimumVisualStudioVersion = 10.0.40219.1
Project("{FAE04EC0-301F-11D3-BF4B-00C04F79EFBC}") = "MovieStoreApi", "MovieStoreApi\MovieStoreApi.csproj", "{D607A785-492E-44B5-B87E-7E077A65DDA5}"
EndProject
Project("{FAE04EC0-301F-11D3-BF4B-00C04F79EFBC}") = "MovieStore.Services", "MovieStoreServices\MovieStore.Services.csproj", "{574E441C-4FF4-4073-87DC-B4AE1520FBBB}"
EndProject
Project("{FAE04EC0-301F-11D3-BF4B-00C04F79EFBC}") = "MovieStore.Data", "MovieStore.Data\MovieStore.Data.csproj", "{94B30DFF-ACD6-4A12-947C-C2639BEA7F2E}"
EndProject
Project("{FAE04EC0-301F-11D3-BF4B-00C04F79EFBC}") = "MovieStore.UnitTest", "MovieStore.UnitTest\MovieStore.UnitTest.csproj", "{0A72C311-73CF-4385-945C-1FBB4009267B}"
EndProject
Project("{FAE04EC0-301F-11D3-BF4B-00C04F79EFBC}") = "MovieStore.Entities", "MovieStore.Entities\MovieStore.Entities.csproj", "{4D78B77E-DA48-4DCE-8E6E-B5B854626CFA}"
EndProject
Global
	GlobalSection(SolutionConfigurationPlatforms) = preSolution
		Debug|Any CPU = Debug|Any CPU
		Release|Any CPU = Release|Any CPU
	EndGlobalSection
	GlobalSection(ProjectConfigurationPlatforms) = postSolution
		{D607A785-492E-44B5-B87E-7E077A65DDA5}.Debug|Any CPU.ActiveCfg = Debug|Any CPU
		{D607A785-492E-44B5-B87E-7E077A65DDA5}.Debug|Any CPU.Build.0 = Debug|Any CPU
		{D607A785-492E-44B5-B87E-7E077A65DDA5}.Release|Any CPU.ActiveCfg = Release|Any CPU
		{D607A785-492E-44B5-B87E-7E077A65DDA5}.Release|Any CPU.Build.0 = Release|Any CPU
		{574E441C-4FF4-4073-87DC-B4AE1520FBBB}.Debug|Any CPU.ActiveCfg = Debug|Any CPU
		{574E441C-4FF4-4073-87DC-B4AE1520FBBB}.Debug|Any CPU.Build.0 = Debug|Any CPU
		{574E441C-4FF4-4073-87DC-B4AE1520FBBB}.Release|Any CPU.ActiveCfg = Release|Any CPU
		{574E441C-4FF4-4073-87DC-B4AE1520FBBB}.Release|Any CPU.Build.0 = Release|Any CPU
		{94B30DFF-ACD6-4A12-947C-C2639BEA7F2E}.Debug|Any CPU.ActiveCfg = Debug|Any CPU
		{94B30DFF-ACD6-4A12-947C-C2639BEA7F2E}.Debug|Any CPU.Build.0 = Debug|Any CPU
		{94B30DFF-ACD6-4A12-947C-C2639BEA7F2E}.Release|Any CPU.ActiveCfg = Release|Any CPU
		{94B30DFF-ACD6-4A12-947C-C2639BEA7F2E}.Release|Any CPU.Build.0 = Release|Any CPU
		{0A72C311-73CF-4385-945C-1FBB4009267B}.Debug|Any CPU.ActiveCfg = Debug|Any CPU
		{0A72C311-73CF-4385-945C-1FBB4009267B}.Debug|Any CPU.Build.0 = Debug|Any CPU
		{0A72C311-73CF-4385-945C-1FBB4009267B}.Release|Any CPU.ActiveCfg = Release|Any CPU
		{0A72C311-73CF-4385-945C-1FBB4009267B}.Release|Any CPU.Build.0 = Release|Any CPU
		{4D78B77E-DA48-4DCE-8E6E-B5B854626CFA}.Debug|Any CPU.ActiveCfg = Debug|Any CPU
		{4D78B77E-DA48-4DCE-8E6E-B5B854626CFA}.Debug|Any CPU.Build.0 = Debug|Any CPU
		{4D78B77E-DA48-4DCE-8E6E-B5B854626CFA}.Release|Any CPU.ActiveCfg = Release|Any CPU
		{4D78B77E-DA48-4DCE-8E6E-B5B854626CFA}.Release|Any CPU.Build.0 = Release|Any CPU
	EndGlobalSection
	GlobalSection(SolutionProperties) = preSolution
		HideSolutionNode = FALSE
	EndGlobalSection
	GlobalSection(ExtensibilityGlobals) = postSolution
		SolutionGuid = {5E925DAF-45D6-4392-A12D-A84B3ECCC364}
	EndGlobalSection
EndGlobal
